PODS:
  - LHNavigationController (0.1.0)

DEPENDENCIES:
  - LHNavigationController (from `../`)

EXTERNAL SOURCES:
  LHNavigationController:
    :path: ../

SPEC CHECKSUMS:
  LHNavigationController: 6bb28f33e72ef56e14bfd5936157b522492cf798

PODFILE CHECKSUM: a239578255245ca301c5a0b1c7767dc47d2be9ef

COCOAPODS: 1.0.0
