PODS:
  - LHNavigationController (0.1.1)

DEPENDENCIES:
  - LHNavigationController (from `../`)

EXTERNAL SOURCES:
  LHNavigationController:
    :path: ../

SPEC CHECKSUMS:
  LHNavigationController: e7b793171fe3fc6cfb1fa90dfbb4d3fc02ad6733

PODFILE CHECKSUM: a239578255245ca301c5a0b1c7767dc47d2be9ef

COCOAPODS: 1.0.0
