PODS:
  - LHNavigationController (0.1.0)

DEPENDENCIES:
  - LHNavigationController (from `../`)

EXTERNAL SOURCES:
  LHNavigationController:
    :path: ../

SPEC CHECKSUMS:
  LHNavigationController: abfbca305e85bce5708b617afef327b864406ad3

PODFILE CHECKSUM: a239578255245ca301c5a0b1c7767dc47d2be9ef

COCOAPODS: 1.0.0
