// !$*UTF8*$!
{
	archiveVersion = 1;
	classes = {
	};
	objectVersion = 46;
	objects = {

/* Begin PBXBuildFile section */
		2A5794813B80AB7E04024258 /* Pods_SwiftExample.framework in Frameworks */ = {isa = PBXBuildFile; fileRef = 1DDEAC82BCC2AF06D784BBEF /* Pods_SwiftExample.framework */; };
		520C6C9B1D26AAAC00F9948B /* SecondController.swift in Sources */ = {isa = PBXBuildFile; fileRef = 520C6C9A1D26AAAC00F9948B /* SecondController.swift */; };
		528123801D23DCEE00FD9FE7 /* AppDelegate.swift in Sources */ = {isa = PBXBuildFile; fileRef = 5281237F1D23DCEE00FD9FE7 /* AppDelegate.swift */; };
		528123821D23DCEE00FD9FE7 /* ViewController.swift in Sources */ = {isa = PBXBuildFile; fileRef = 528123811D23DCEE00FD9FE7 /* ViewController.swift */; };
		528123851D23DCEE00FD9FE7 /* Main.storyboard in Resources */ = {isa = PBXBuildFile; fileRef = 528123831D23DCEE00FD9FE7 /* Main.storyboard */; };
		528123871D23DCEE00FD9FE7 /* Assets.xcassets in Resources */ = {isa = PBXBuildFile; fileRef = 528123861D23DCEE00FD9FE7 /* Assets.xcassets */; };
		5281238A1D23DCEE00FD9FE7 /* LaunchScreen.storyboard in Resources */ = {isa = PBXBuildFile; fileRef = 528123881D23DCEE00FD9FE7 /* LaunchScreen.storyboard */; };
/* End PBXBuildFile section */

/* Begin PBXFileReference section */
		1DDEAC82BCC2AF06D784BBEF /* Pods_SwiftExample.framework */ = {isa = PBXFileReference; explicitFileType = wrapper.framework; includeInIndex = 0; path = Pods_SwiftExample.framework; sourceTree = BUILT_PRODUCTS_DIR; };
		520C6C961D26A92100F9948B /* SwiftExample-Bridging-Header.h */ = {isa = PBXFileReference; lastKnownFileType = sourcecode.c.h; path = "SwiftExample-Bridging-Header.h"; sourceTree = "<group>"; };
		520C6C9A1D26AAAC00F9948B /* SecondController.swift */ = {isa = PBXFileReference; fileEncoding = 4; lastKnownFileType = sourcecode.swift; path = SecondController.swift; sourceTree = "<group>"; };
		5281237C1D23DCEE00FD9FE7 /* SwiftExample.app */ = {isa = PBXFileReference; explicitFileType = wrapper.application; includeInIndex = 0; path = SwiftExample.app; sourceTree = BUILT_PRODUCTS_DIR; };
		5281237F1D23DCEE00FD9FE7 /* AppDelegate.swift */ = {isa = PBXFileReference; lastKnownFileType = sourcecode.swift; path = AppDelegate.swift; sourceTree = "<group>"; };
		528123811D23DCEE00FD9FE7 /* ViewController.swift */ = {isa = PBXFileReference; lastKnownFileType = sourcecode.swift; path = ViewController.swift; sourceTree = "<group>"; };
		528123841D23DCEE00FD9FE7 /* Base */ = {isa = PBXFileReference; lastKnownFileType = file.storyboard; name = Base; path = Base.lproj/Main.storyboard; sourceTree = "<group>"; };
		528123861D23DCEE00FD9FE7 /* Assets.xcassets */ = {isa = PBXFileReference; lastKnownFileType = folder.assetcatalog; path = Assets.xcassets; sourceTree = "<group>"; };
		528123891D23DCEE00FD9FE7 /* Base */ = {isa = PBXFileReference; lastKnownFileType = file.storyboard; name = Base; path = Base.lproj/LaunchScreen.storyboard; sourceTree = "<group>"; };
		5281238B1D23DCEE00FD9FE7 /* Info.plist */ = {isa = PBXFileReference; lastKnownFileType = text.plist.xml; path = Info.plist; sourceTree = "<group>"; };
		9F8DC01865CA4EF6CF999C14 /* Pods-SwiftExample.debug.xcconfig */ = {isa = PBXFileReference; includeInIndex = 1; lastKnownFileType = text.xcconfig; name = "Pods-SwiftExample.debug.xcconfig"; path = "Pods/Target Support Files/Pods-SwiftExample/Pods-SwiftExample.debug.xcconfig"; sourceTree = "<group>"; };
		BD8F1DD2EB3C9364D01934E0 /* Pods-SwiftExample.release.xcconfig */ = {isa = PBXFileReference; includeInIndex = 1; lastKnownFileType = text.xcconfig; name = "Pods-SwiftExample.release.xcconfig"; path = "Pods/Target Support Files/Pods-SwiftExample/Pods-SwiftExample.release.xcconfig"; sourceTree = "<group>"; };
/* End PBXFileReference section */

/* Begin PBXFrameworksBuildPhase section */
		528123791D23DCEE00FD9FE7 /* Frameworks */ = {
			isa = PBXFrameworksBuildPhase;
			buildActionMask = 2147483647;
			files = (
				2A5794813B80AB7E04024258 /* Pods_SwiftExample.framework in Frameworks */,
			);
			runOnlyForDeploymentPostprocessing = 0;
		};
/* End PBXFrameworksBuildPhase section */

/* Begin PBXGroup section */
		528123731D23DCEE00FD9FE7 = {
			isa = PBXGroup;
			children = (
				5281237E1D23DCEE00FD9FE7 /* SwiftExample */,
				5281237D1D23DCEE00FD9FE7 /* Products */,
				E5137B83D79B8AEEE9A45164 /* Pods */,
				A9DE20CCF2327FBED1AEFDE2 /* Frameworks */,
			);
			sourceTree = "<group>";
		};
		5281237D1D23DCEE00FD9FE7 /* Products */ = {
			isa = PBXGroup;
			children = (
				5281237C1D23DCEE00FD9FE7 /* SwiftExample.app */,
			);
			name = Products;
			sourceTree = "<group>";
		};
		5281237E1D23DCEE00FD9FE7 /* SwiftExample */ = {
			isa = PBXGroup;
			children = (
				520C6C961D26A92100F9948B /* SwiftExample-Bridging-Header.h */,
				5281237F1D23DCEE00FD9FE7 /* AppDelegate.swift */,
				528123811D23DCEE00FD9FE7 /* ViewController.swift */,
				520C6C9A1D26AAAC00F9948B /* SecondController.swift */,
				528123831D23DCEE00FD9FE7 /* Main.storyboard */,
				528123861D23DCEE00FD9FE7 /* Assets.xcassets */,
				5281238B1D23DCEE00FD9FE7 /* Info.plist */,
				528123881D23DCEE00FD9FE7 /* LaunchScreen.storyboard */,
			);
			path = SwiftExample;
			sourceTree = "<group>";
		};
		A9DE20CCF2327FBED1AEFDE2 /* Frameworks */ = {
			isa = PBXGroup;
			children = (
				1DDEAC82BCC2AF06D784BBEF /* Pods_SwiftExample.framework */,
			);
			name = Frameworks;
			sourceTree = "<group>";
		};
		E5137B83D79B8AEEE9A45164 /* Pods */ = {
			isa = PBXGroup;
			children = (
				9F8DC01865CA4EF6CF999C14 /* Pods-SwiftExample.debug.xcconfig */,
				BD8F1DD2EB3C9364D01934E0 /* Pods-SwiftExample.release.xcconfig */,
			);
			name = Pods;
			sourceTree = "<group>";
		};
/* End PBXGroup section */

/* Begin PBXNativeTarget section */
		5281237B1D23DCEE00FD9FE7 /* SwiftExample */ = {
			isa = PBXNativeTarget;
			buildConfigurationList = 5281238E1D23DCEE00FD9FE7 /* Build configuration list for PBXNativeTarget "SwiftExample" */;
			buildPhases = (
				3B630B709C0740B2D141423E /* 📦 Check Pods Manifest.lock */,
				528123781D23DCEE00FD9FE7 /* Sources */,
				528123791D23DCEE00FD9FE7 /* Frameworks */,
				5281237A1D23DCEE00FD9FE7 /* Resources */,
				6F781971F2B5060E8500004B /* 📦 Embed Pods Frameworks */,
				BDA8C07A12EE5BAF2E6E7C87 /* 📦 Copy Pods Resources */,
			);
			buildRules = (
			);
			dependencies = (
			);
			name = SwiftExample;
			productName = SwiftExample;
			productReference = 5281237C1D23DCEE00FD9FE7 /* SwiftExample.app */;
			productType = "com.apple.product-type.application";
		};
/* End PBXNativeTarget section */

/* Begin PBXProject section */
		528123741D23DCEE00FD9FE7 /* Project object */ = {
			isa = PBXProject;
			attributes = {
				LastSwiftUpdateCheck = 0730;
				LastUpgradeCheck = 0730;
				ORGANIZATIONNAME = Leo;
				TargetAttributes = {
					5281237B1D23DCEE00FD9FE7 = {
						CreatedOnToolsVersion = 7.3.1;
					};
				};
			};
			buildConfigurationList = 528123771D23DCEE00FD9FE7 /* Build configuration list for PBXProject "SwiftExample" */;
			compatibilityVersion = "Xcode 3.2";
			developmentRegion = English;
			hasScannedForEncodings = 0;
			knownRegions = (
				en,
				Base,
			);
			mainGroup = 528123731D23DCEE00FD9FE7;
			productRefGroup = 5281237D1D23DCEE00FD9FE7 /* Products */;
			projectDirPath = "";
			projectRoot = "";
			targets = (
				5281237B1D23DCEE00FD9FE7 /* SwiftExample */,
			);
		};
/* End PBXProject section */

/* Begin PBXResourcesBuildPhase section */
		5281237A1D23DCEE00FD9FE7 /* Resources */ = {
			isa = PBXResourcesBuildPhase;
			buildActionMask = 2147483647;
			files = (
				5281238A1D23DCEE00FD9FE7 /* LaunchScreen.storyboard in Resources */,
				528123871D23DCEE00FD9FE7 /* Assets.xcassets in Resources */,
				528123851D23DCEE00FD9FE7 /* Main.storyboard in Resources */,
			);
			runOnlyForDeploymentPostprocessing = 0;
		};
/* End PBXResourcesBuildPhase section */

/* Begin PBXShellScriptBuildPhase section */
		3B630B709C0740B2D141423E /* 📦 Check Pods Manifest.lock */ = {
			isa = PBXShellScriptBuildPhase;
			buildActionMask = 2147483647;
			files = (
			);
			inputPaths = (
			);
			name = "📦 Check Pods Manifest.lock";
			outputPaths = (
			);
			runOnlyForDeploymentPostprocessing = 0;
			shellPath = /bin/sh;
			shellScript = "diff \"${PODS_ROOT}/../Podfile.lock\" \"${PODS_ROOT}/Manifest.lock\" > /dev/null\nif [[ $? != 0 ]] ; then\n    cat << EOM\nerror: The sandbox is not in sync with the Podfile.lock. Run 'pod install' or update your CocoaPods installation.\nEOM\n    exit 1\nfi\n";
			showEnvVarsInLog = 0;
		};
		6F781971F2B5060E8500004B /* 📦 Embed Pods Frameworks */ = {
			isa = PBXShellScriptBuildPhase;
			buildActionMask = 2147483647;
			files = (
			);
			inputPaths = (
			);
			name = "📦 Embed Pods Frameworks";
			outputPaths = (
			);
			runOnlyForDeploymentPostprocessing = 0;
			shellPath = /bin/sh;
			shellScript = "\"${SRCROOT}/Pods/Target Support Files/Pods-SwiftExample/Pods-SwiftExample-frameworks.sh\"\n";
			showEnvVarsInLog = 0;
		};
		BDA8C07A12EE5BAF2E6E7C87 /* 📦 Copy Pods Resources */ = {
			isa = PBXShellScriptBuildPhase;
			buildActionMask = 2147483647;
			files = (
			);
			inputPaths = (
			);
			name = "📦 Copy Pods Resources";
			outputPaths = (
			);
			runOnlyForDeploymentPostprocessing = 0;
			shellPath = /bin/sh;
			shellScript = "\"${SRCROOT}/Pods/Target Support Files/Pods-SwiftExample/Pods-SwiftExample-resources.sh\"\n";
			showEnvVarsInLog = 0;
		};
/* End PBXShellScriptBuildPhase section */

/* Begin PBXSourcesBuildPhase section */
		528123781D23DCEE00FD9FE7 /* Sources */ = {
			isa = PBXSourcesBuildPhase;
			buildActionMask = 2147483647;
			files = (
				520C6C9B1D26AAAC00F9948B /* SecondController.swift in Sources */,
				528123821D23DCEE00FD9FE7 /* ViewController.swift in Sources */,
				528123801D23DCEE00FD9FE7 /* AppDelegate.swift in Sources */,
			);
			runOnlyForDeploymentPostprocessing = 0;
		};
/* End PBXSourcesBuildPhase section */

/* Begin PBXVariantGroup section */
		528123831D23DCEE00FD9FE7 /* Main.storyboard */ = {
			isa = PBXVariantGroup;
			children = (
				528123841D23DCEE00FD9FE7 /* Base */,
			);
			name = Main.storyboard;
			sourceTree = "<group>";
		};
		528123881D23DCEE00FD9FE7 /* LaunchScreen.storyboard */ = {
			isa = PBXVariantGroup;
			children = (
				528123891D23DCEE00FD9FE7 /* Base */,
			);
			name = LaunchScreen.storyboard;
			sourceTree = "<group>";
		};
/* End PBXVariantGroup section */

/* Begin XCBuildConfiguration section */
		5281238C1D23DCEE00FD9FE7 /* Debug */ = {
			isa = XCBuildConfiguration;
			buildSettings = {
				ALWAYS_SEARCH_USER_PATHS = NO;
				CLANG_ANALYZER_NONNULL = YES;
				CLANG_CXX_LANGUAGE_STANDARD = "gnu++0x";
				CLANG_CXX_LIBRARY = "libc++";
				CLANG_ENABLE_MODULES = YES;
				CLANG_ENABLE_OBJC_ARC = YES;
				CLANG_WARN_BOOL_CONVERSION = YES;
				CLANG_WARN_CONSTANT_CONVERSION = YES;
				CLANG_WARN_DIRECT_OBJC_ISA_USAGE = YES_ERROR;
				CLANG_WARN_EMPTY_BODY = YES;
				CLANG_WARN_ENUM_CONVERSION = YES;
				CLANG_WARN_INT_CONVERSION = YES;
				CLANG_WARN_OBJC_ROOT_CLASS = YES_ERROR;
				CLANG_WARN_UNREACHABLE_CODE = YES;
				CLANG_WARN__DUPLICATE_METHOD_MATCH = YES;
				"CODE_SIGN_IDENTITY[sdk=iphoneos*]" = "iPhone Developer";
				COPY_PHASE_STRIP = NO;
				DEBUG_INFORMATION_FORMAT = dwarf;
				ENABLE_STRICT_OBJC_MSGSEND = YES;
				ENABLE_TESTABILITY = YES;
				GCC_C_LANGUAGE_STANDARD = gnu99;
				GCC_DYNAMIC_NO_PIC = NO;
				GCC_NO_COMMON_BLOCKS = YES;
				GCC_OPTIMIZATION_LEVEL = 0;
				GCC_PREPROCESSOR_DEFINITIONS = (
					"DEBUG=1",
					"$(inherited)",
				);
				GCC_WARN_64_TO_32_BIT_CONVERSION = YES;
				GCC_WARN_ABOUT_RETURN_TYPE = YES_ERROR;
				GCC_WARN_UNDECLARED_SELECTOR = YES;
				GCC_WARN_UNINITIALIZED_AUTOS = YES_AGGRESSIVE;
				GCC_WARN_UNUSED_FUNCTION = YES;
				GCC_WARN_UNUSED_VARIABLE = YES;
				IPHONEOS_DEPLOYMENT_TARGET = 9.3;
				MTL_ENABLE_DEBUG_INFO = YES;
				ONLY_ACTIVE_ARCH = YES;
				SDKROOT = iphoneos;
				SWIFT_OPTIMIZATION_LEVEL = "-Onone";
				TARGETED_DEVICE_FAMILY = "1,2";
			};
			name = Debug;
		};
		5281238D1D23DCEE00FD9FE7 /* Release */ = {
			isa = XCBuildConfiguration;
			buildSettings = {
				ALWAYS_SEARCH_USER_PATHS = NO;
				CLANG_ANALYZER_NONNULL = YES;
				CLANG_CXX_LANGUAGE_STANDARD = "gnu++0x";
				CLANG_CXX_LIBRARY = "libc++";
				CLANG_ENABLE_MODULES = YES;
				CLANG_ENABLE_OBJC_ARC = YES;
				CLANG_WARN_BOOL_CONVERSION = YES;
				CLANG_WARN_CONSTANT_CONVERSION = YES;
				CLANG_WARN_DIRECT_OBJC_ISA_USAGE = YES_ERROR;
				CLANG_WARN_EMPTY_BODY = YES;
				CLANG_WARN_ENUM_CONVERSION = YES;
				CLANG_WARN_INT_CONVERSION = YES;
				CLANG_WARN_OBJC_ROOT_CLASS = YES_ERROR;
				CLANG_WARN_UNREACHABLE_CODE = YES;
				CLANG_WARN__DUPLICATE_METHOD_MATCH = YES;
				"CODE_SIGN_IDENTITY[sdk=iphoneos*]" = "iPhone Developer";
				COPY_PHASE_STRIP = NO;
				DEBUG_INFORMATION_FORMAT = "dwarf-with-dsym";
				ENABLE_NS_ASSERTIONS = NO;
				ENABLE_STRICT_OBJC_MSGSEND = YES;
				GCC_C_LANGUAGE_STANDARD = gnu99;
				GCC_NO_COMMON_BLOCKS = YES;
				GCC_WARN_64_TO_32_BIT_CONVERSION = YES;
				GCC_WARN_ABOUT_RETURN_TYPE = YES_ERROR;
				GCC_WARN_UNDECLARED_SELECTOR = YES;
				GCC_WARN_UNINITIALIZED_AUTOS = YES_AGGRESSIVE;
				GCC_WARN_UNUSED_FUNCTION = YES;
				GCC_WARN_UNUSED_VARIABLE = YES;
				IPHONEOS_DEPLOYMENT_TARGET = 9.3;
				MTL_ENABLE_DEBUG_INFO = NO;
				SDKROOT = iphoneos;
				TARGETED_DEVICE_FAMILY = "1,2";
				VALIDATE_PRODUCT = YES;
			};
			name = Release;
		};
		5281238F1D23DCEE00FD9FE7 /* Debug */ = {
			isa = XCBuildConfiguration;
			baseConfigurationReference = 9F8DC01865CA4EF6CF999C14 /* Pods-SwiftExample.debug.xcconfig */;
			buildSettings = {
				ASSETCATALOG_COMPILER_APPICON_NAME = AppIcon;
				CLANG_ENABLE_MODULES = YES;
				INFOPLIST_FILE = SwiftExample/Info.plist;
				LD_RUNPATH_SEARCH_PATHS = "$(inherited) @executable_path/Frameworks";
				PRODUCT_BUNDLE_IDENTIFIER = Leo.SwiftExample;
				PRODUCT_NAME = "$(TARGET_NAME)";
				SWIFT_OBJC_BRIDGING_HEADER = "SwiftExample/SwiftExample-Bridging-Header.h";
				SWIFT_OPTIMIZATION_LEVEL = "-Onone";
			};
			name = Debug;
		};
		528123901D23DCEE00FD9FE7 /* Release */ = {
			isa = XCBuildConfiguration;
			baseConfigurationReference = BD8F1DD2EB3C9364D01934E0 /* Pods-SwiftExample.release.xcconfig */;
			buildSettings = {
				ASSETCATALOG_COMPILER_APPICON_NAME = AppIcon;
				CLANG_ENABLE_MODULES = YES;
				INFOPLIST_FILE = SwiftExample/Info.plist;
				LD_RUNPATH_SEARCH_PATHS = "$(inherited) @executable_path/Frameworks";
				PRODUCT_BUNDLE_IDENTIFIER = Leo.SwiftExample;
				PRODUCT_NAME = "$(TARGET_NAME)";
				SWIFT_OBJC_BRIDGING_HEADER = "SwiftExample/SwiftExample-Bridging-Header.h";
			};
			name = Release;
		};
/* End XCBuildConfiguration section */

/* Begin XCConfigurationList section */
		528123771D23DCEE00FD9FE7 /* Build configuration list for PBXProject "SwiftExample" */ = {
			isa = XCConfigurationList;
			buildConfigurations = (
				5281238C1D23DCEE00FD9FE7 /* Debug */,
				5281238D1D23DCEE00FD9FE7 /* Release */,
			);
			defaultConfigurationIsVisible = 0;
			defaultConfigurationName = Release;
		};
		5281238E1D23DCEE00FD9FE7 /* Build configuration list for PBXNativeTarget "SwiftExample" */ = {
			isa = XCConfigurationList;
			buildConfigurations = (
				5281238F1D23DCEE00FD9FE7 /* Debug */,
				528123901D23DCEE00FD9FE7 /* Release */,
			);
			defaultConfigurationIsVisible = 0;
			defaultConfigurationName = Release;
		};
/* End XCConfigurationList section */
	};
	rootObject = 528123741D23DCEE00FD9FE7 /* Project object */;
}
